
Microsoft Visual Studio Solution File, Format Version 12.00
# Visual Studio Version 17
VisualStudioVersion = 17.11.35219.272
MinimumVisualStudioVersion = 10.0.40219.1
Project("{FAE04EC0-301F-11D3-BF4B-00C04F79EFBC}") = "Laboratorio 18-1", "Laboratorio 18-1\Laboratorio 18-1.csproj", "{6E256CEA-C3B4-457C-B507-D480C0DC7C95}"
EndProject
Global
	GlobalSection(SolutionConfigurationPlatforms) = preSolution
		Debug|Any CPU = Debug|Any CPU
		Release|Any CPU = Release|Any CPU
	EndGlobalSection
	GlobalSection(ProjectConfigurationPlatforms) = postSolution
		{6E256CEA-C3B4-457C-B507-D480C0DC7C95}.Debug|Any CPU.ActiveCfg = Debug|Any CPU
		{6E256CEA-C3B4-457C-B507-D480C0DC7C95}.Debug|Any CPU.Build.0 = Debug|Any CPU
		{6E256CEA-C3B4-457C-B507-D480C0DC7C95}.Release|Any CPU.ActiveCfg = Release|Any CPU
		{6E256CEA-C3B4-457C-B507-D480C0DC7C95}.Release|Any CPU.Build.0 = Release|Any CPU
	EndGlobalSection
	GlobalSection(SolutionProperties) = preSolution
		HideSolutionNode = FALSE
	EndGlobalSection
	GlobalSection(ExtensibilityGlobals) = postSolution
		SolutionGuid = {04DADCC5-98D5-4EAA-9427-C528374F2C53}
	EndGlobalSection
EndGlobal
