
Microsoft Visual Studio Solution File, Format Version 12.00
# Visual Studio Version 17
VisualStudioVersion = 17.11.35219.272
MinimumVisualStudioVersion = 10.0.40219.1
Project("{FAE04EC0-301F-11D3-BF4B-00C04F79EFBC}") = "Laboratorio 6", "Laboratorio 6\Laboratorio 6.csproj", "{EE81CA24-5BCE-422F-BB62-BDA75F9F4FAF}"
EndProject
Project("{FAE04EC0-301F-11D3-BF4B-00C04F79EFBC}") = "Lab 6-1", "Lab 6-1\Lab 6-1.csproj", "{F3DAF3EB-47CC-4899-82FF-4F190A979A39}"
EndProject
Project("{FAE04EC0-301F-11D3-BF4B-00C04F79EFBC}") = "Lab 6-2", "Lab 6-2\Lab 6-2.csproj", "{90782143-95C0-4077-8ACF-280319DF530E}"
EndProject
Project("{FAE04EC0-301F-11D3-BF4B-00C04F79EFBC}") = "Lab 6-3", "Lab 6-3\Lab 6-3.csproj", "{A4F18588-6B41-4567-8CC4-1411EE9A6D63}"
EndProject
Project("{FAE04EC0-301F-11D3-BF4B-00C04F79EFBC}") = "Lab 6-4", "Lab 6-4\Lab 6-4.csproj", "{90631A73-F68D-4402-91E5-E0E6CCE25EA6}"
EndProject
Global
	GlobalSection(SolutionConfigurationPlatforms) = preSolution
		Debug|Any CPU = Debug|Any CPU
		Release|Any CPU = Release|Any CPU
	EndGlobalSection
	GlobalSection(ProjectConfigurationPlatforms) = postSolution
		{EE81CA24-5BCE-422F-BB62-BDA75F9F4FAF}.Debug|Any CPU.ActiveCfg = Debug|Any CPU
		{EE81CA24-5BCE-422F-BB62-BDA75F9F4FAF}.Debug|Any CPU.Build.0 = Debug|Any CPU
		{EE81CA24-5BCE-422F-BB62-BDA75F9F4FAF}.Release|Any CPU.ActiveCfg = Release|Any CPU
		{EE81CA24-5BCE-422F-BB62-BDA75F9F4FAF}.Release|Any CPU.Build.0 = Release|Any CPU
		{F3DAF3EB-47CC-4899-82FF-4F190A979A39}.Debug|Any CPU.ActiveCfg = Debug|Any CPU
		{F3DAF3EB-47CC-4899-82FF-4F190A979A39}.Debug|Any CPU.Build.0 = Debug|Any CPU
		{F3DAF3EB-47CC-4899-82FF-4F190A979A39}.Release|Any CPU.ActiveCfg = Release|Any CPU
		{F3DAF3EB-47CC-4899-82FF-4F190A979A39}.Release|Any CPU.Build.0 = Release|Any CPU
		{90782143-95C0-4077-8ACF-280319DF530E}.Debug|Any CPU.ActiveCfg = Debug|Any CPU
		{90782143-95C0-4077-8ACF-280319DF530E}.Debug|Any CPU.Build.0 = Debug|Any CPU
		{90782143-95C0-4077-8ACF-280319DF530E}.Release|Any CPU.ActiveCfg = Release|Any CPU
		{90782143-95C0-4077-8ACF-280319DF530E}.Release|Any CPU.Build.0 = Release|Any CPU
		{A4F18588-6B41-4567-8CC4-1411EE9A6D63}.Debug|Any CPU.ActiveCfg = Debug|Any CPU
		{A4F18588-6B41-4567-8CC4-1411EE9A6D63}.Debug|Any CPU.Build.0 = Debug|Any CPU
		{A4F18588-6B41-4567-8CC4-1411EE9A6D63}.Release|Any CPU.ActiveCfg = Release|Any CPU
		{A4F18588-6B41-4567-8CC4-1411EE9A6D63}.Release|Any CPU.Build.0 = Release|Any CPU
		{90631A73-F68D-4402-91E5-E0E6CCE25EA6}.Debug|Any CPU.ActiveCfg = Debug|Any CPU
		{90631A73-F68D-4402-91E5-E0E6CCE25EA6}.Debug|Any CPU.Build.0 = Debug|Any CPU
		{90631A73-F68D-4402-91E5-E0E6CCE25EA6}.Release|Any CPU.ActiveCfg = Release|Any CPU
		{90631A73-F68D-4402-91E5-E0E6CCE25EA6}.Release|Any CPU.Build.0 = Release|Any CPU
	EndGlobalSection
	GlobalSection(SolutionProperties) = preSolution
		HideSolutionNode = FALSE
	EndGlobalSection
	GlobalSection(ExtensibilityGlobals) = postSolution
		SolutionGuid = {3265BB06-7448-41C3-8392-E39AD6D7B2F1}
	EndGlobalSection
EndGlobal
