
Microsoft Visual Studio Solution File, Format Version 12.00
# Visual Studio Version 17
VisualStudioVersion = 17.11.35219.272
MinimumVisualStudioVersion = 10.0.40219.1
Project("{FAE04EC0-301F-11D3-BF4B-00C04F79EFBC}") = "Laboratorio 5", "Laboratorio 5\Laboratorio 5.csproj", "{8B1D7EE9-8B0A-4187-832D-18BCE93670DE}"
EndProject
Project("{FAE04EC0-301F-11D3-BF4B-00C04F79EFBC}") = "Lab 5-1", "Lab 5-1\Lab 5-1.csproj", "{44EF5D40-44C2-4170-9D0D-5F52567ED05B}"
EndProject
Project("{FAE04EC0-301F-11D3-BF4B-00C04F79EFBC}") = "Lab 5-2", "Lab 5-2\Lab 5-2.csproj", "{6F078A16-2BCB-477B-B3C6-3816FD68DB08}"
EndProject
Project("{FAE04EC0-301F-11D3-BF4B-00C04F79EFBC}") = "Lab 5-3", "Lab 5-3\Lab 5-3.csproj", "{AE8EE58D-1066-4383-8207-A95B284C931A}"
EndProject
Project("{FAE04EC0-301F-11D3-BF4B-00C04F79EFBC}") = "Lab 5-4", "Lab 5-4\Lab 5-4.csproj", "{32539ED3-A390-4A41-B0A3-F7C41DCCA38A}"
EndProject
Project("{FAE04EC0-301F-11D3-BF4B-00C04F79EFBC}") = "Lab 5-5", "Lab 5-5\Lab 5-5.csproj", "{DD5623DF-FA6B-4D99-991C-F7717A330E8D}"
EndProject
Project("{FAE04EC0-301F-11D3-BF4B-00C04F79EFBC}") = "Lab 5-6", "Lab 5-6\Lab 5-6.csproj", "{0A18D617-7321-4ADC-87A1-B758F587F9A3}"
EndProject
Global
	GlobalSection(SolutionConfigurationPlatforms) = preSolution
		Debug|Any CPU = Debug|Any CPU
		Release|Any CPU = Release|Any CPU
	EndGlobalSection
	GlobalSection(ProjectConfigurationPlatforms) = postSolution
		{8B1D7EE9-8B0A-4187-832D-18BCE93670DE}.Debug|Any CPU.ActiveCfg = Debug|Any CPU
		{8B1D7EE9-8B0A-4187-832D-18BCE93670DE}.Debug|Any CPU.Build.0 = Debug|Any CPU
		{8B1D7EE9-8B0A-4187-832D-18BCE93670DE}.Release|Any CPU.ActiveCfg = Release|Any CPU
		{8B1D7EE9-8B0A-4187-832D-18BCE93670DE}.Release|Any CPU.Build.0 = Release|Any CPU
		{44EF5D40-44C2-4170-9D0D-5F52567ED05B}.Debug|Any CPU.ActiveCfg = Debug|Any CPU
		{44EF5D40-44C2-4170-9D0D-5F52567ED05B}.Debug|Any CPU.Build.0 = Debug|Any CPU
		{44EF5D40-44C2-4170-9D0D-5F52567ED05B}.Release|Any CPU.ActiveCfg = Release|Any CPU
		{44EF5D40-44C2-4170-9D0D-5F52567ED05B}.Release|Any CPU.Build.0 = Release|Any CPU
		{6F078A16-2BCB-477B-B3C6-3816FD68DB08}.Debug|Any CPU.ActiveCfg = Debug|Any CPU
		{6F078A16-2BCB-477B-B3C6-3816FD68DB08}.Debug|Any CPU.Build.0 = Debug|Any CPU
		{6F078A16-2BCB-477B-B3C6-3816FD68DB08}.Release|Any CPU.ActiveCfg = Release|Any CPU
		{6F078A16-2BCB-477B-B3C6-3816FD68DB08}.Release|Any CPU.Build.0 = Release|Any CPU
		{AE8EE58D-1066-4383-8207-A95B284C931A}.Debug|Any CPU.ActiveCfg = Debug|Any CPU
		{AE8EE58D-1066-4383-8207-A95B284C931A}.Debug|Any CPU.Build.0 = Debug|Any CPU
		{AE8EE58D-1066-4383-8207-A95B284C931A}.Release|Any CPU.ActiveCfg = Release|Any CPU
		{AE8EE58D-1066-4383-8207-A95B284C931A}.Release|Any CPU.Build.0 = Release|Any CPU
		{32539ED3-A390-4A41-B0A3-F7C41DCCA38A}.Debug|Any CPU.ActiveCfg = Debug|Any CPU
		{32539ED3-A390-4A41-B0A3-F7C41DCCA38A}.Debug|Any CPU.Build.0 = Debug|Any CPU
		{32539ED3-A390-4A41-B0A3-F7C41DCCA38A}.Release|Any CPU.ActiveCfg = Release|Any CPU
		{32539ED3-A390-4A41-B0A3-F7C41DCCA38A}.Release|Any CPU.Build.0 = Release|Any CPU
		{DD5623DF-FA6B-4D99-991C-F7717A330E8D}.Debug|Any CPU.ActiveCfg = Debug|Any CPU
		{DD5623DF-FA6B-4D99-991C-F7717A330E8D}.Debug|Any CPU.Build.0 = Debug|Any CPU
		{DD5623DF-FA6B-4D99-991C-F7717A330E8D}.Release|Any CPU.ActiveCfg = Release|Any CPU
		{DD5623DF-FA6B-4D99-991C-F7717A330E8D}.Release|Any CPU.Build.0 = Release|Any CPU
		{0A18D617-7321-4ADC-87A1-B758F587F9A3}.Debug|Any CPU.ActiveCfg = Debug|Any CPU
		{0A18D617-7321-4ADC-87A1-B758F587F9A3}.Debug|Any CPU.Build.0 = Debug|Any CPU
		{0A18D617-7321-4ADC-87A1-B758F587F9A3}.Release|Any CPU.ActiveCfg = Release|Any CPU
		{0A18D617-7321-4ADC-87A1-B758F587F9A3}.Release|Any CPU.Build.0 = Release|Any CPU
	EndGlobalSection
	GlobalSection(SolutionProperties) = preSolution
		HideSolutionNode = FALSE
	EndGlobalSection
	GlobalSection(ExtensibilityGlobals) = postSolution
		SolutionGuid = {7E7EC939-1755-41EF-A357-39149038C111}
	EndGlobalSection
EndGlobal
