
Microsoft Visual Studio Solution File, Format Version 12.00
# Visual Studio Version 17
VisualStudioVersion = 17.11.35219.272
MinimumVisualStudioVersion = 10.0.40219.1
Project("{FAE04EC0-301F-11D3-BF4B-00C04F79EFBC}") = "Parcial3-1", "Parcial3-1\Parcial3-1.csproj", "{069EA150-AA87-4A5F-823D-CE2E0B650CEC}"
EndProject
Global
	GlobalSection(SolutionConfigurationPlatforms) = preSolution
		Debug|Any CPU = Debug|Any CPU
		Release|Any CPU = Release|Any CPU
	EndGlobalSection
	GlobalSection(ProjectConfigurationPlatforms) = postSolution
		{069EA150-AA87-4A5F-823D-CE2E0B650CEC}.Debug|Any CPU.ActiveCfg = Debug|Any CPU
		{069EA150-AA87-4A5F-823D-CE2E0B650CEC}.Debug|Any CPU.Build.0 = Debug|Any CPU
		{069EA150-AA87-4A5F-823D-CE2E0B650CEC}.Release|Any CPU.ActiveCfg = Release|Any CPU
		{069EA150-AA87-4A5F-823D-CE2E0B650CEC}.Release|Any CPU.Build.0 = Release|Any CPU
	EndGlobalSection
	GlobalSection(SolutionProperties) = preSolution
		HideSolutionNode = FALSE
	EndGlobalSection
	GlobalSection(ExtensibilityGlobals) = postSolution
		SolutionGuid = {2126408A-39D9-465D-BD9D-F476B5F2F3E1}
	EndGlobalSection
EndGlobal
