
Microsoft Visual Studio Solution File, Format Version 12.00
# Visual Studio Version 17
VisualStudioVersion = 17.11.35327.3
MinimumVisualStudioVersion = 10.0.40219.1
Project("{FAE04EC0-301F-11D3-BF4B-00C04F79EFBC}") = "DesafioDePescaAPI", "DesafioDePescaAPI\DesafioDePescaAPI.csproj", "{FD4C43F9-E044-4C8F-BD33-B2C52BBA2F8C}"
EndProject
Project("{FAE04EC0-301F-11D3-BF4B-00C04F79EFBC}") = "DesafioDePescaAPP", "DesafioDePescaAPP\DesafioDePescaAPP.csproj", "{1F183739-6C2E-4E66-AAD5-C47C2B7ADDBB}"
EndProject
Global
	GlobalSection(SolutionConfigurationPlatforms) = preSolution
		Debug|Any CPU = Debug|Any CPU
		Release|Any CPU = Release|Any CPU
	EndGlobalSection
	GlobalSection(ProjectConfigurationPlatforms) = postSolution
		{FD4C43F9-E044-4C8F-BD33-B2C52BBA2F8C}.Debug|Any CPU.ActiveCfg = Debug|Any CPU
		{FD4C43F9-E044-4C8F-BD33-B2C52BBA2F8C}.Debug|Any CPU.Build.0 = Debug|Any CPU
		{FD4C43F9-E044-4C8F-BD33-B2C52BBA2F8C}.Release|Any CPU.ActiveCfg = Release|Any CPU
		{FD4C43F9-E044-4C8F-BD33-B2C52BBA2F8C}.Release|Any CPU.Build.0 = Release|Any CPU
		{1F183739-6C2E-4E66-AAD5-C47C2B7ADDBB}.Debug|Any CPU.ActiveCfg = Debug|Any CPU
		{1F183739-6C2E-4E66-AAD5-C47C2B7ADDBB}.Debug|Any CPU.Build.0 = Debug|Any CPU
		{1F183739-6C2E-4E66-AAD5-C47C2B7ADDBB}.Release|Any CPU.ActiveCfg = Release|Any CPU
		{1F183739-6C2E-4E66-AAD5-C47C2B7ADDBB}.Release|Any CPU.Build.0 = Release|Any CPU
	EndGlobalSection
	GlobalSection(SolutionProperties) = preSolution
		HideSolutionNode = FALSE
	EndGlobalSection
	GlobalSection(ExtensibilityGlobals) = postSolution
		SolutionGuid = {E96C49F3-7EB3-40EC-B60C-CA44D815891F}
	EndGlobalSection
EndGlobal
